
Microsoft Visual Studio Solution File, Format Version 12.00
# Visual Studio 2015
Project("{FAE04EC0-301F-11D3-BF4B-00C04F79EFBC}") = "StoryTelling.CSharp.Plugins", "StoryTelling.CSharp.Plugins.csproj", "{D02169DF-DB69-C959-B94D-0E61C129D7D5}"
EndProject
Project("{FAE04EC0-301F-11D3-BF4B-00C04F79EFBC}") = "StoryTelling.CSharp", "StoryTelling.CSharp.csproj", "{0E09DB2B-8390-7CC2-F401-376A98A6E0A4}"
EndProject
Project("{FAE04EC0-301F-11D3-BF4B-00C04F79EFBC}") = "StoryTelling.CSharp.Editor", "StoryTelling.CSharp.Editor.csproj", "{6C01C870-C877-5309-88C4-4DD45395E980}"
EndProject
Global
	GlobalSection(SolutionConfigurationPlatforms) = preSolution
		Debug|Any CPU = Debug|Any CPU
		Release|Any CPU = Release|Any CPU
	EndGlobalSection
	GlobalSection(ProjectConfigurationPlatforms) = postSolution
		{D02169DF-DB69-C959-B94D-0E61C129D7D5}.Debug|Any CPU.ActiveCfg = Debug|Any CPU
		{D02169DF-DB69-C959-B94D-0E61C129D7D5}.Debug|Any CPU.Build.0 = Debug|Any CPU
		{D02169DF-DB69-C959-B94D-0E61C129D7D5}.Release|Any CPU.ActiveCfg = Release|Any CPU
		{D02169DF-DB69-C959-B94D-0E61C129D7D5}.Release|Any CPU.Build.0 = Release|Any CPU
		{0E09DB2B-8390-7CC2-F401-376A98A6E0A4}.Debug|Any CPU.ActiveCfg = Debug|Any CPU
		{0E09DB2B-8390-7CC2-F401-376A98A6E0A4}.Debug|Any CPU.Build.0 = Debug|Any CPU
		{0E09DB2B-8390-7CC2-F401-376A98A6E0A4}.Release|Any CPU.ActiveCfg = Release|Any CPU
		{0E09DB2B-8390-7CC2-F401-376A98A6E0A4}.Release|Any CPU.Build.0 = Release|Any CPU
		{6C01C870-C877-5309-88C4-4DD45395E980}.Debug|Any CPU.ActiveCfg = Debug|Any CPU
		{6C01C870-C877-5309-88C4-4DD45395E980}.Debug|Any CPU.Build.0 = Debug|Any CPU
		{6C01C870-C877-5309-88C4-4DD45395E980}.Release|Any CPU.ActiveCfg = Release|Any CPU
		{6C01C870-C877-5309-88C4-4DD45395E980}.Release|Any CPU.Build.0 = Release|Any CPU
	EndGlobalSection
	GlobalSection(SolutionProperties) = preSolution
		HideSolutionNode = FALSE
	EndGlobalSection
EndGlobal
